
Microsoft Visual Studio Solution File, Format Version 12.00
# Visual Studio Version 17
VisualStudioVersion = 17.0.31903.59
MinimumVisualStudioVersion = 10.0.40219.1
Project("{FAE04EC0-301F-11D3-BF4B-00C04F79EFBC}") = "dasm", "dasm\dasm.csproj", "{C6E94897-8D39-46DD-BA31-F722C4F880E4}"
EndProject
Project("{FAE04EC0-301F-11D3-BF4B-00C04F79EFBC}") = "UnpackCodepage", "unpackcodepage\UnpackCodepage.csproj", "{03C79F2F-5A46-4160-9DD8-4D4D654C119E}"
EndProject
Project("{FAE04EC0-301F-11D3-BF4B-00C04F79EFBC}") = "HexDump", "hexdump\HexDump.csproj", "{1CF33690-BCBE-449F-B0A2-39E7263FEA5B}"
EndProject
Project("{FAE04EC0-301F-11D3-BF4B-00C04F79EFBC}") = "HexPack", "HexPack\HexPack.csproj", "{EAA6A9BA-8FEB-4540-80D9-96F58FD9D1BB}"
EndProject
Project("{FAE04EC0-301F-11D3-BF4B-00C04F79EFBC}") = "bin2bru", "bin2bru\bin2bru.csproj", "{0FF20EC9-3C21-4188-9E43-385CEA28CD2B}"
EndProject
Project("{FAE04EC0-301F-11D3-BF4B-00C04F79EFBC}") = "brulist", "brulist\brulist.csproj", "{3DCFB1E7-BDA5-48E5-94A5-7E5E47DC48F0}"
EndProject
Global
	GlobalSection(SolutionConfigurationPlatforms) = preSolution
		Debug - M1|Any CPU = Debug - M1|Any CPU
		Debug - M2|Any CPU = Debug - M2|Any CPU
		Debug - M31|Any CPU = Debug - M31|Any CPU
		Debug - Test128|Any CPU = Debug - Test128|Any CPU
		Debug - Test256|Any CPU = Debug - Test256|Any CPU
		Debug - Test512|Any CPU = Debug - Test512|Any CPU
		Debug|Any CPU = Debug|Any CPU
		Release|Any CPU = Release|Any CPU
	EndGlobalSection
	GlobalSection(ProjectConfigurationPlatforms) = postSolution
		{C6E94897-8D39-46DD-BA31-F722C4F880E4}.Debug - M1|Any CPU.ActiveCfg = Debug - M1|Any CPU
		{C6E94897-8D39-46DD-BA31-F722C4F880E4}.Debug - M1|Any CPU.Build.0 = Debug - M1|Any CPU
		{C6E94897-8D39-46DD-BA31-F722C4F880E4}.Debug - M2|Any CPU.ActiveCfg = Debug - M2|Any CPU
		{C6E94897-8D39-46DD-BA31-F722C4F880E4}.Debug - M2|Any CPU.Build.0 = Debug - M2|Any CPU
		{C6E94897-8D39-46DD-BA31-F722C4F880E4}.Debug - M31|Any CPU.ActiveCfg = Debug - M31|Any CPU
		{C6E94897-8D39-46DD-BA31-F722C4F880E4}.Debug - M31|Any CPU.Build.0 = Debug - M31|Any CPU
		{C6E94897-8D39-46DD-BA31-F722C4F880E4}.Debug - Test128|Any CPU.ActiveCfg = Debug - Test128|Any CPU
		{C6E94897-8D39-46DD-BA31-F722C4F880E4}.Debug - Test128|Any CPU.Build.0 = Debug - Test128|Any CPU
		{C6E94897-8D39-46DD-BA31-F722C4F880E4}.Debug - Test256|Any CPU.ActiveCfg = Debug - Test256|Any CPU
		{C6E94897-8D39-46DD-BA31-F722C4F880E4}.Debug - Test256|Any CPU.Build.0 = Debug - Test256|Any CPU
		{C6E94897-8D39-46DD-BA31-F722C4F880E4}.Debug - Test512|Any CPU.ActiveCfg = Debug - Test128|Any CPU
		{C6E94897-8D39-46DD-BA31-F722C4F880E4}.Debug - Test512|Any CPU.Build.0 = Debug - Test128|Any CPU
		{C6E94897-8D39-46DD-BA31-F722C4F880E4}.Debug|Any CPU.ActiveCfg = Debug|Any CPU
		{C6E94897-8D39-46DD-BA31-F722C4F880E4}.Debug|Any CPU.Build.0 = Debug|Any CPU
		{C6E94897-8D39-46DD-BA31-F722C4F880E4}.Release|Any CPU.ActiveCfg = Release|Any CPU
		{C6E94897-8D39-46DD-BA31-F722C4F880E4}.Release|Any CPU.Build.0 = Release|Any CPU
		{03C79F2F-5A46-4160-9DD8-4D4D654C119E}.Debug - M1|Any CPU.ActiveCfg = Debug - M1|Any CPU
		{03C79F2F-5A46-4160-9DD8-4D4D654C119E}.Debug - M1|Any CPU.Build.0 = Debug - M1|Any CPU
		{03C79F2F-5A46-4160-9DD8-4D4D654C119E}.Debug - M2|Any CPU.ActiveCfg = Debug - M2|Any CPU
		{03C79F2F-5A46-4160-9DD8-4D4D654C119E}.Debug - M2|Any CPU.Build.0 = Debug - M2|Any CPU
		{03C79F2F-5A46-4160-9DD8-4D4D654C119E}.Debug - M31|Any CPU.ActiveCfg = Debug - M31|Any CPU
		{03C79F2F-5A46-4160-9DD8-4D4D654C119E}.Debug - M31|Any CPU.Build.0 = Debug - M31|Any CPU
		{03C79F2F-5A46-4160-9DD8-4D4D654C119E}.Debug - Test128|Any CPU.ActiveCfg = Debug - Test128|Any CPU
		{03C79F2F-5A46-4160-9DD8-4D4D654C119E}.Debug - Test128|Any CPU.Build.0 = Debug - Test128|Any CPU
		{03C79F2F-5A46-4160-9DD8-4D4D654C119E}.Debug - Test256|Any CPU.ActiveCfg = Debug - Test256|Any CPU
		{03C79F2F-5A46-4160-9DD8-4D4D654C119E}.Debug - Test256|Any CPU.Build.0 = Debug - Test256|Any CPU
		{03C79F2F-5A46-4160-9DD8-4D4D654C119E}.Debug - Test512|Any CPU.ActiveCfg = Debug - Test512|Any CPU
		{03C79F2F-5A46-4160-9DD8-4D4D654C119E}.Debug - Test512|Any CPU.Build.0 = Debug - Test512|Any CPU
		{03C79F2F-5A46-4160-9DD8-4D4D654C119E}.Debug|Any CPU.ActiveCfg = Debug|Any CPU
		{03C79F2F-5A46-4160-9DD8-4D4D654C119E}.Debug|Any CPU.Build.0 = Debug|Any CPU
		{03C79F2F-5A46-4160-9DD8-4D4D654C119E}.Release|Any CPU.ActiveCfg = Release|Any CPU
		{03C79F2F-5A46-4160-9DD8-4D4D654C119E}.Release|Any CPU.Build.0 = Release|Any CPU
		{1CF33690-BCBE-449F-B0A2-39E7263FEA5B}.Debug - M1|Any CPU.ActiveCfg = Debug - M1|Any CPU
		{1CF33690-BCBE-449F-B0A2-39E7263FEA5B}.Debug - M1|Any CPU.Build.0 = Debug - M1|Any CPU
		{1CF33690-BCBE-449F-B0A2-39E7263FEA5B}.Debug - M2|Any CPU.ActiveCfg = Debug - M2|Any CPU
		{1CF33690-BCBE-449F-B0A2-39E7263FEA5B}.Debug - M2|Any CPU.Build.0 = Debug - M2|Any CPU
		{1CF33690-BCBE-449F-B0A2-39E7263FEA5B}.Debug - M31|Any CPU.ActiveCfg = Debug - M31|Any CPU
		{1CF33690-BCBE-449F-B0A2-39E7263FEA5B}.Debug - M31|Any CPU.Build.0 = Debug - M31|Any CPU
		{1CF33690-BCBE-449F-B0A2-39E7263FEA5B}.Debug - Test128|Any CPU.ActiveCfg = Debug - Test128|Any CPU
		{1CF33690-BCBE-449F-B0A2-39E7263FEA5B}.Debug - Test128|Any CPU.Build.0 = Debug - Test128|Any CPU
		{1CF33690-BCBE-449F-B0A2-39E7263FEA5B}.Debug - Test256|Any CPU.ActiveCfg = Debug - Test256|Any CPU
		{1CF33690-BCBE-449F-B0A2-39E7263FEA5B}.Debug - Test256|Any CPU.Build.0 = Debug - Test256|Any CPU
		{1CF33690-BCBE-449F-B0A2-39E7263FEA5B}.Debug - Test512|Any CPU.ActiveCfg = Debug - Test512|Any CPU
		{1CF33690-BCBE-449F-B0A2-39E7263FEA5B}.Debug - Test512|Any CPU.Build.0 = Debug - Test512|Any CPU
		{1CF33690-BCBE-449F-B0A2-39E7263FEA5B}.Debug|Any CPU.ActiveCfg = Debug|Any CPU
		{1CF33690-BCBE-449F-B0A2-39E7263FEA5B}.Debug|Any CPU.Build.0 = Debug|Any CPU
		{1CF33690-BCBE-449F-B0A2-39E7263FEA5B}.Release|Any CPU.ActiveCfg = Release|Any CPU
		{1CF33690-BCBE-449F-B0A2-39E7263FEA5B}.Release|Any CPU.Build.0 = Release|Any CPU
		{EAA6A9BA-8FEB-4540-80D9-96F58FD9D1BB}.Debug - M1|Any CPU.ActiveCfg = Debug - M1|Any CPU
		{EAA6A9BA-8FEB-4540-80D9-96F58FD9D1BB}.Debug - M1|Any CPU.Build.0 = Debug - M1|Any CPU
		{EAA6A9BA-8FEB-4540-80D9-96F58FD9D1BB}.Debug - M2|Any CPU.ActiveCfg = Debug - M2|Any CPU
		{EAA6A9BA-8FEB-4540-80D9-96F58FD9D1BB}.Debug - M2|Any CPU.Build.0 = Debug - M2|Any CPU
		{EAA6A9BA-8FEB-4540-80D9-96F58FD9D1BB}.Debug - M31|Any CPU.ActiveCfg = Debug - M31|Any CPU
		{EAA6A9BA-8FEB-4540-80D9-96F58FD9D1BB}.Debug - M31|Any CPU.Build.0 = Debug - M31|Any CPU
		{EAA6A9BA-8FEB-4540-80D9-96F58FD9D1BB}.Debug - Test128|Any CPU.ActiveCfg = Debug - Test128|Any CPU
		{EAA6A9BA-8FEB-4540-80D9-96F58FD9D1BB}.Debug - Test128|Any CPU.Build.0 = Debug - Test128|Any CPU
		{EAA6A9BA-8FEB-4540-80D9-96F58FD9D1BB}.Debug - Test256|Any CPU.ActiveCfg = Debug - Test256|Any CPU
		{EAA6A9BA-8FEB-4540-80D9-96F58FD9D1BB}.Debug - Test256|Any CPU.Build.0 = Debug - Test256|Any CPU
		{EAA6A9BA-8FEB-4540-80D9-96F58FD9D1BB}.Debug - Test512|Any CPU.ActiveCfg = Debug - Test512|Any CPU
		{EAA6A9BA-8FEB-4540-80D9-96F58FD9D1BB}.Debug - Test512|Any CPU.Build.0 = Debug - Test512|Any CPU
		{EAA6A9BA-8FEB-4540-80D9-96F58FD9D1BB}.Debug|Any CPU.ActiveCfg = Debug|Any CPU
		{EAA6A9BA-8FEB-4540-80D9-96F58FD9D1BB}.Debug|Any CPU.Build.0 = Debug|Any CPU
		{EAA6A9BA-8FEB-4540-80D9-96F58FD9D1BB}.Release|Any CPU.ActiveCfg = Release|Any CPU
		{EAA6A9BA-8FEB-4540-80D9-96F58FD9D1BB}.Release|Any CPU.Build.0 = Release|Any CPU
		{0FF20EC9-3C21-4188-9E43-385CEA28CD2B}.Debug - M1|Any CPU.ActiveCfg = Debug - M1|Any CPU
		{0FF20EC9-3C21-4188-9E43-385CEA28CD2B}.Debug - M1|Any CPU.Build.0 = Debug - M1|Any CPU
		{0FF20EC9-3C21-4188-9E43-385CEA28CD2B}.Debug - M2|Any CPU.ActiveCfg = Debug - M2|Any CPU
		{0FF20EC9-3C21-4188-9E43-385CEA28CD2B}.Debug - M2|Any CPU.Build.0 = Debug - M2|Any CPU
		{0FF20EC9-3C21-4188-9E43-385CEA28CD2B}.Debug - M31|Any CPU.ActiveCfg = Debug - M31|Any CPU
		{0FF20EC9-3C21-4188-9E43-385CEA28CD2B}.Debug - M31|Any CPU.Build.0 = Debug - M31|Any CPU
		{0FF20EC9-3C21-4188-9E43-385CEA28CD2B}.Debug - Test128|Any CPU.ActiveCfg = Debug - RamTest|Any CPU
		{0FF20EC9-3C21-4188-9E43-385CEA28CD2B}.Debug - Test128|Any CPU.Build.0 = Debug - RamTest|Any CPU
		{0FF20EC9-3C21-4188-9E43-385CEA28CD2B}.Debug - Test256|Any CPU.ActiveCfg = Debug - Test256|Any CPU
		{0FF20EC9-3C21-4188-9E43-385CEA28CD2B}.Debug - Test256|Any CPU.Build.0 = Debug - Test256|Any CPU
		{0FF20EC9-3C21-4188-9E43-385CEA28CD2B}.Debug - Test512|Any CPU.ActiveCfg = Debug - Test512|Any CPU
		{0FF20EC9-3C21-4188-9E43-385CEA28CD2B}.Debug - Test512|Any CPU.Build.0 = Debug - Test512|Any CPU
		{0FF20EC9-3C21-4188-9E43-385CEA28CD2B}.Debug|Any CPU.ActiveCfg = Debug|Any CPU
		{0FF20EC9-3C21-4188-9E43-385CEA28CD2B}.Debug|Any CPU.Build.0 = Debug|Any CPU
		{0FF20EC9-3C21-4188-9E43-385CEA28CD2B}.Release|Any CPU.ActiveCfg = Release|Any CPU
		{0FF20EC9-3C21-4188-9E43-385CEA28CD2B}.Release|Any CPU.Build.0 = Release|Any CPU
		{3DCFB1E7-BDA5-48E5-94A5-7E5E47DC48F0}.Debug - M1|Any CPU.ActiveCfg = Debug - M1|Any CPU
		{3DCFB1E7-BDA5-48E5-94A5-7E5E47DC48F0}.Debug - M1|Any CPU.Build.0 = Debug - M1|Any CPU
		{3DCFB1E7-BDA5-48E5-94A5-7E5E47DC48F0}.Debug - M2|Any CPU.ActiveCfg = Debug - M2|Any CPU
		{3DCFB1E7-BDA5-48E5-94A5-7E5E47DC48F0}.Debug - M2|Any CPU.Build.0 = Debug - M2|Any CPU
		{3DCFB1E7-BDA5-48E5-94A5-7E5E47DC48F0}.Debug - M31|Any CPU.ActiveCfg = Debug - M31|Any CPU
		{3DCFB1E7-BDA5-48E5-94A5-7E5E47DC48F0}.Debug - M31|Any CPU.Build.0 = Debug - M31|Any CPU
		{3DCFB1E7-BDA5-48E5-94A5-7E5E47DC48F0}.Debug - Test128|Any CPU.ActiveCfg = Debug - Test128|Any CPU
		{3DCFB1E7-BDA5-48E5-94A5-7E5E47DC48F0}.Debug - Test128|Any CPU.Build.0 = Debug - Test128|Any CPU
		{3DCFB1E7-BDA5-48E5-94A5-7E5E47DC48F0}.Debug - Test256|Any CPU.ActiveCfg = Debug - Test256|Any CPU
		{3DCFB1E7-BDA5-48E5-94A5-7E5E47DC48F0}.Debug - Test256|Any CPU.Build.0 = Debug - Test256|Any CPU
		{3DCFB1E7-BDA5-48E5-94A5-7E5E47DC48F0}.Debug - Test512|Any CPU.ActiveCfg = Debug - Test512|Any CPU
		{3DCFB1E7-BDA5-48E5-94A5-7E5E47DC48F0}.Debug - Test512|Any CPU.Build.0 = Debug - Test512|Any CPU
		{3DCFB1E7-BDA5-48E5-94A5-7E5E47DC48F0}.Debug|Any CPU.ActiveCfg = Debug|Any CPU
		{3DCFB1E7-BDA5-48E5-94A5-7E5E47DC48F0}.Debug|Any CPU.Build.0 = Debug|Any CPU
		{3DCFB1E7-BDA5-48E5-94A5-7E5E47DC48F0}.Release|Any CPU.ActiveCfg = Release|Any CPU
		{3DCFB1E7-BDA5-48E5-94A5-7E5E47DC48F0}.Release|Any CPU.Build.0 = Release|Any CPU
	EndGlobalSection
	GlobalSection(SolutionProperties) = preSolution
		HideSolutionNode = FALSE
	EndGlobalSection
	GlobalSection(ExtensibilityGlobals) = postSolution
		SolutionGuid = {FFB625A3-D11A-4031-B69C-0B88376113DB}
	EndGlobalSection
EndGlobal
