
Microsoft Visual Studio Solution File, Format Version 12.00
# Visual Studio Version 17
VisualStudioVersion = 17.0.31912.275
MinimumVisualStudioVersion = 10.0.40219.1
Project("{9A19103F-16F7-4668-BE54-9A1E7A4F7556}") = "dasm", "dasm.csproj", "{5D7D8D4F-A249-4882-B8D3-85BECDFAE064}"
EndProject
Global
	GlobalSection(SolutionConfigurationPlatforms) = preSolution
		Debug|Any CPU = Debug|Any CPU
		Release|Any CPU = Release|Any CPU
	EndGlobalSection
	GlobalSection(ProjectConfigurationPlatforms) = postSolution
		{5D7D8D4F-A249-4882-B8D3-85BECDFAE064}.Debug|Any CPU.ActiveCfg = Debug|Any CPU
		{5D7D8D4F-A249-4882-B8D3-85BECDFAE064}.Debug|Any CPU.Build.0 = Debug|Any CPU
		{5D7D8D4F-A249-4882-B8D3-85BECDFAE064}.Release|Any CPU.ActiveCfg = Release|Any CPU
		{5D7D8D4F-A249-4882-B8D3-85BECDFAE064}.Release|Any CPU.Build.0 = Release|Any CPU
	EndGlobalSection
	GlobalSection(SolutionProperties) = preSolution
		HideSolutionNode = FALSE
	EndGlobalSection
	GlobalSection(ExtensibilityGlobals) = postSolution
		SolutionGuid = {44DAA0FC-BF11-4046-825D-D541A23CE596}
	EndGlobalSection
EndGlobal
