
Microsoft Visual Studio Solution File, Format Version 12.00
# Visual Studio Version 17
VisualStudioVersion = 17.0.31912.275
MinimumVisualStudioVersion = 10.0.40219.1
Project("{FAE04EC0-301F-11D3-BF4B-00C04F79EFBC}") = "bin2bru", "bin2bru.csproj", "{C94EC956-9331-4F79-8C78-13DC67A12BCA}"
EndProject
Global
	GlobalSection(SolutionConfigurationPlatforms) = preSolution
		Debug|Any CPU = Debug|Any CPU
		Release|Any CPU = Release|Any CPU
	EndGlobalSection
	GlobalSection(ProjectConfigurationPlatforms) = postSolution
		{C94EC956-9331-4F79-8C78-13DC67A12BCA}.Debug|Any CPU.ActiveCfg = Debug|Any CPU
		{C94EC956-9331-4F79-8C78-13DC67A12BCA}.Debug|Any CPU.Build.0 = Debug|Any CPU
		{C94EC956-9331-4F79-8C78-13DC67A12BCA}.Release|Any CPU.ActiveCfg = Release|Any CPU
		{C94EC956-9331-4F79-8C78-13DC67A12BCA}.Release|Any CPU.Build.0 = Release|Any CPU
	EndGlobalSection
	GlobalSection(SolutionProperties) = preSolution
		HideSolutionNode = FALSE
	EndGlobalSection
	GlobalSection(ExtensibilityGlobals) = postSolution
		SolutionGuid = {AC4893AB-9EE9-4CEA-B9C3-012899C5917E}
	EndGlobalSection
EndGlobal
