
Microsoft Visual Studio Solution File, Format Version 12.00
# Visual Studio 15
VisualStudioVersion = 15.0.27703.2035
MinimumVisualStudioVersion = 10.0.40219.1
Project("{FAE04EC0-301F-11D3-BF4B-00C04F79EFBC}") = "HexDump", "HexDump.csproj", "{1CF33690-BCBE-449F-B0A2-39E7263FEA5B}"
EndProject
Global
	GlobalSection(SolutionConfigurationPlatforms) = preSolution
		Debug|Any CPU = Debug|Any CPU
		Release|Any CPU = Release|Any CPU
	EndGlobalSection
	GlobalSection(ProjectConfigurationPlatforms) = postSolution
		{1CF33690-BCBE-449F-B0A2-39E7263FEA5B}.Debug|Any CPU.ActiveCfg = Debug|Any CPU
		{1CF33690-BCBE-449F-B0A2-39E7263FEA5B}.Debug|Any CPU.Build.0 = Debug|Any CPU
		{1CF33690-BCBE-449F-B0A2-39E7263FEA5B}.Release|Any CPU.ActiveCfg = Release|Any CPU
		{1CF33690-BCBE-449F-B0A2-39E7263FEA5B}.Release|Any CPU.Build.0 = Release|Any CPU
	EndGlobalSection
	GlobalSection(SolutionProperties) = preSolution
		HideSolutionNode = FALSE
	EndGlobalSection
	GlobalSection(ExtensibilityGlobals) = postSolution
		SolutionGuid = {E2316548-AB11-42F6-864A-8996B203C54A}
	EndGlobalSection
EndGlobal
