
Microsoft Visual Studio Solution File, Format Version 12.00
# Visual Studio Version 17
VisualStudioVersion = 17.0.31912.275
MinimumVisualStudioVersion = 10.0.40219.1
Project("{FAE04EC0-301F-11D3-BF4B-00C04F79EFBC}") = "brulist", "brulist.csproj", "{AC96E145-D298-4E97-B2FE-EA5D945A36A8}"
EndProject
Global
	GlobalSection(SolutionConfigurationPlatforms) = preSolution
		Debug|Any CPU = Debug|Any CPU
		Release|Any CPU = Release|Any CPU
	EndGlobalSection
	GlobalSection(ProjectConfigurationPlatforms) = postSolution
		{AC96E145-D298-4E97-B2FE-EA5D945A36A8}.Debug|Any CPU.ActiveCfg = Debug|Any CPU
		{AC96E145-D298-4E97-B2FE-EA5D945A36A8}.Debug|Any CPU.Build.0 = Debug|Any CPU
		{AC96E145-D298-4E97-B2FE-EA5D945A36A8}.Release|Any CPU.ActiveCfg = Release|Any CPU
		{AC96E145-D298-4E97-B2FE-EA5D945A36A8}.Release|Any CPU.Build.0 = Release|Any CPU
	EndGlobalSection
	GlobalSection(SolutionProperties) = preSolution
		HideSolutionNode = FALSE
	EndGlobalSection
	GlobalSection(ExtensibilityGlobals) = postSolution
		SolutionGuid = {EF4F0719-B224-4465-BD16-AC01084CEB64}
	EndGlobalSection
EndGlobal
