
Microsoft Visual Studio Solution File, Format Version 12.00
# Visual Studio Version 17
VisualStudioVersion = 17.0.31903.59
MinimumVisualStudioVersion = 10.0.40219.1
Project("{FAE04EC0-301F-11D3-BF4B-00C04F79EFBC}") = "intelhex", "intellhex\intelhex.csproj", "{4E156692-EE1B-45E2-B2BA-B30838F4EC2E}"
EndProject
Project("{FAE04EC0-301F-11D3-BF4B-00C04F79EFBC}") = "test", "test\test.csproj", "{1B46103F-73AD-4762-97C1-3DF145F18A14}"
EndProject
Global
	GlobalSection(SolutionConfigurationPlatforms) = preSolution
		Debug|Any CPU = Debug|Any CPU
		Release|Any CPU = Release|Any CPU
	EndGlobalSection
	GlobalSection(ProjectConfigurationPlatforms) = postSolution
		{4E156692-EE1B-45E2-B2BA-B30838F4EC2E}.Debug|Any CPU.ActiveCfg = Debug|Any CPU
		{4E156692-EE1B-45E2-B2BA-B30838F4EC2E}.Debug|Any CPU.Build.0 = Debug|Any CPU
		{4E156692-EE1B-45E2-B2BA-B30838F4EC2E}.Release|Any CPU.ActiveCfg = Release|Any CPU
		{4E156692-EE1B-45E2-B2BA-B30838F4EC2E}.Release|Any CPU.Build.0 = Release|Any CPU
		{1B46103F-73AD-4762-97C1-3DF145F18A14}.Debug|Any CPU.ActiveCfg = Debug|Any CPU
		{1B46103F-73AD-4762-97C1-3DF145F18A14}.Debug|Any CPU.Build.0 = Debug|Any CPU
		{1B46103F-73AD-4762-97C1-3DF145F18A14}.Release|Any CPU.ActiveCfg = Release|Any CPU
		{1B46103F-73AD-4762-97C1-3DF145F18A14}.Release|Any CPU.Build.0 = Release|Any CPU
	EndGlobalSection
	GlobalSection(SolutionProperties) = preSolution
		HideSolutionNode = FALSE
	EndGlobalSection
EndGlobal
